
Microsoft Visual Studio Solution File, Format Version 12.00
# Visual Studio Version 17
VisualStudioVersion = 17.9.34607.119
MinimumVisualStudioVersion = 10.0.40219.1
Project("{FAE04EC0-301F-11D3-BF4B-00C04F79EFBC}") = "FinalProject", "FinalProject.csproj", "{EBDAE495-D726-4F6E-836C-695C23A5ABC7}"
EndProject
Global
	GlobalSection(SolutionConfigurationPlatforms) = preSolution
		Debug|Any CPU = Debug|Any CPU
		Release|Any CPU = Release|Any CPU
	EndGlobalSection
	GlobalSection(ProjectConfigurationPlatforms) = postSolution
		{EBDAE495-D726-4F6E-836C-695C23A5ABC7}.Debug|Any CPU.ActiveCfg = Debug|Any CPU
		{EBDAE495-D726-4F6E-836C-695C23A5ABC7}.Debug|Any CPU.Build.0 = Debug|Any CPU
		{EBDAE495-D726-4F6E-836C-695C23A5ABC7}.Release|Any CPU.ActiveCfg = Release|Any CPU
		{EBDAE495-D726-4F6E-836C-695C23A5ABC7}.Release|Any CPU.Build.0 = Release|Any CPU
	EndGlobalSection
	GlobalSection(SolutionProperties) = preSolution
		HideSolutionNode = FALSE
	EndGlobalSection
	GlobalSection(ExtensibilityGlobals) = postSolution
		SolutionGuid = {9E3859F4-5144-4F2A-9CDB-BA36F56D37E9}
	EndGlobalSection
EndGlobal
